
Microsoft Visual Studio Solution File, Format Version 12.00
# Visual Studio Version 17
VisualStudioVersion = 17.8.34322.80
MinimumVisualStudioVersion = 10.0.40219.1
Project("{FAE04EC0-301F-11D3-BF4B-00C04F79EFBC}") = "GoogleGmailAPI", "GoogleGmailAPI\GoogleGmailAPI.csproj", "{FD31891C-7671-408D-B115-411F4D241BF0}"
EndProject
Global
	GlobalSection(SolutionConfigurationPlatforms) = preSolution
		Debug|Any CPU = Debug|Any CPU
		Release|Any CPU = Release|Any CPU
	EndGlobalSection
	GlobalSection(ProjectConfigurationPlatforms) = postSolution
		{FD31891C-7671-408D-B115-411F4D241BF0}.Debug|Any CPU.ActiveCfg = Debug|Any CPU
		{FD31891C-7671-408D-B115-411F4D241BF0}.Debug|Any CPU.Build.0 = Debug|Any CPU
		{FD31891C-7671-408D-B115-411F4D241BF0}.Release|Any CPU.ActiveCfg = Release|Any CPU
		{FD31891C-7671-408D-B115-411F4D241BF0}.Release|Any CPU.Build.0 = Release|Any CPU
	EndGlobalSection
	GlobalSection(SolutionProperties) = preSolution
		HideSolutionNode = FALSE
	EndGlobalSection
	GlobalSection(ExtensibilityGlobals) = postSolution
		SolutionGuid = {B4DFB813-EB3D-4BD8-BCEF-1DE06B61537F}
	EndGlobalSection
EndGlobal
